Microsoft Visual Studio Solution File, Format Version 12.00
# Visual Studio Version 16
VisualStudioVersion = 16.0.29209.62
MinimumVisualStudioVersion = 10.0.40219.1
Project("{9A19103F-16F7-4668-BE54-9A1E7A4F7556}") = "libSimba", "libSimba.Net\libSimba.Net.csproj", "{1514F7B9-9F66-41DA-A13D-C4BB329BA56A}"
EndProject
Project("{9A19103F-16F7-4668-BE54-9A1E7A4F7556}") = "libSimba.Tests", "libSimba.Tests\libSimba.Tests.csproj", "{9BBDF9F9-FB4E-4140-8D3D-8147E9718378}"
EndProject
Project("{9A19103F-16F7-4668-BE54-9A1E7A4F7556}") = "libSimba.Example", "libSimba.Example\libSimba.Example.csproj", "{FB6CFC22-6BAE-40F8-BFFB-E0CB5B4261E4}"
EndProject
Project("{FAE04EC0-301F-11D3-BF4B-00C04F79EFBC}") = "libSimba.Docs", "libSimba.Docs\libSimba.Docs.csproj", "{557AD40C-6C06-465F-B92A-867890E0379F}"
EndProject
Global
	GlobalSection(SolutionConfigurationPlatforms) = preSolution
		Debug|Any CPU = Debug|Any CPU
		Release|Any CPU = Release|Any CPU
	EndGlobalSection
	GlobalSection(ProjectConfigurationPlatforms) = postSolution
		{1514F7B9-9F66-41DA-A13D-C4BB329BA56A}.Debug|Any CPU.ActiveCfg = Debug|Any CPU
		{1514F7B9-9F66-41DA-A13D-C4BB329BA56A}.Debug|Any CPU.Build.0 = Debug|Any CPU
		{1514F7B9-9F66-41DA-A13D-C4BB329BA56A}.Release|Any CPU.ActiveCfg = Release|Any CPU
		{1514F7B9-9F66-41DA-A13D-C4BB329BA56A}.Release|Any CPU.Build.0 = Release|Any CPU
		{9BBDF9F9-FB4E-4140-8D3D-8147E9718378}.Debug|Any CPU.ActiveCfg = Debug|Any CPU
		{9BBDF9F9-FB4E-4140-8D3D-8147E9718378}.Debug|Any CPU.Build.0 = Debug|Any CPU
		{9BBDF9F9-FB4E-4140-8D3D-8147E9718378}.Release|Any CPU.ActiveCfg = Release|Any CPU
		{9BBDF9F9-FB4E-4140-8D3D-8147E9718378}.Release|Any CPU.Build.0 = Release|Any CPU
		{FB6CFC22-6BAE-40F8-BFFB-E0CB5B4261E4}.Debug|Any CPU.ActiveCfg = Debug|Any CPU
		{FB6CFC22-6BAE-40F8-BFFB-E0CB5B4261E4}.Debug|Any CPU.Build.0 = Debug|Any CPU
		{FB6CFC22-6BAE-40F8-BFFB-E0CB5B4261E4}.Release|Any CPU.ActiveCfg = Release|Any CPU
		{FB6CFC22-6BAE-40F8-BFFB-E0CB5B4261E4}.Release|Any CPU.Build.0 = Release|Any CPU
		{557AD40C-6C06-465F-B92A-867890E0379F}.Debug|Any CPU.ActiveCfg = Debug|Any CPU
		{557AD40C-6C06-465F-B92A-867890E0379F}.Debug|Any CPU.Build.0 = Debug|Any CPU
		{557AD40C-6C06-465F-B92A-867890E0379F}.Release|Any CPU.ActiveCfg = Release|Any CPU
		{557AD40C-6C06-465F-B92A-867890E0379F}.Release|Any CPU.Build.0 = Release|Any CPU
	EndGlobalSection
	GlobalSection(SolutionProperties) = preSolution
		HideSolutionNode = FALSE
	EndGlobalSection
	GlobalSection(ExtensibilityGlobals) = postSolution
		SolutionGuid = {130D9CB0-1B09-4ED1-AC97-09460479CC26}
	EndGlobalSection
EndGlobal
